// !$*UTF8*$!
{
	archiveVersion = 1;
	classes = {
	};
	objectVersion = 46;
	objects = {

/* Begin PBXBuildFile section */
		FE16F2A41D70D82500B1358D /* AppDelegate.swift in Sources */ = {isa = PBXBuildFile; fileRef = FE16F2A31D70D82500B1358D /* AppDelegate.swift */; };
		FE16F2A61D70D82500B1358D /* MainVC.swift in Sources */ = {isa = PBXBuildFile; fileRef = FE16F2A51D70D82500B1358D /* MainVC.swift */; };
		FE16F2A91D70D82500B1358D /* Main.storyboard in Resources */ = {isa = PBXBuildFile; fileRef = FE16F2A71D70D82500B1358D /* Main.storyboard */; };
		FE16F2AB1D70D82500B1358D /* Assets.xcassets in Resources */ = {isa = PBXBuildFile; fileRef = FE16F2AA1D70D82500B1358D /* Assets.xcassets */; };
		FE16F2AE1D70D82500B1358D /* LaunchScreen.storyboard in Resources */ = {isa = PBXBuildFile; fileRef = FE16F2AC1D70D82500B1358D /* LaunchScreen.storyboard */; };
/* End PBXBuildFile section */

/* Begin PBXFileReference section */
		FE16F2A01D70D82500B1358D /* Shandy.app */ = {isa = PBXFileReference; explicitFileType = wrapper.application; includeInIndex = 0; path = Shandy.app; sourceTree = BUILT_PRODUCTS_DIR; };
		FE16F2A31D70D82500B1358D /* AppDelegate.swift */ = {isa = PBXFileReference; lastKnownFileType = sourcecode.swift; path = AppDelegate.swift; sourceTree = "<group>"; };
		FE16F2A51D70D82500B1358D /* MainVC.swift */ = {isa = PBXFileReference; lastKnownFileType = sourcecode.swift; path = MainVC.swift; sourceTree = "<group>"; };
		FE16F2A81D70D82500B1358D /* Base */ = {isa = PBXFileReference; lastKnownFileType = file.storyboard; name = Base; path = Base.lproj/Main.storyboard; sourceTree = "<group>"; };
		FE16F2AA1D70D82500B1358D /* Assets.xcassets */ = {isa = PBXFileReference; lastKnownFileType = folder.assetcatalog; path = Assets.xcassets; sourceTree = "<group>"; };
		FE16F2AD1D70D82500B1358D /* Base */ = {isa = PBXFileReference; lastKnownFileType = file.storyboard; name = Base; path = Base.lproj/LaunchScreen.storyboard; sourceTree = "<group>"; };
		FE16F2AF1D70D82500B1358D /* Info.plist */ = {isa = PBXFileReference; lastKnownFileType = text.plist.xml; path = Info.plist; sourceTree = "<group>"; };
/* End PBXFileReference section */

/* Begin PBXFrameworksBuildPhase section */
		FE16F29D1D70D82500B1358D /* Frameworks */ = {
			isa = PBXFrameworksBuildPhase;
			buildActionMask = 2147483647;
			files = (
			);
			runOnlyForDeploymentPostprocessing = 0;
		};
/* End PBXFrameworksBuildPhase section */

/* Begin PBXGroup section */
		FE16F2971D70D82500B1358D = {
			isa = PBXGroup;
			children = (
				FE16F2A21D70D82500B1358D /* Shandy */,
				FE16F2A11D70D82500B1358D /* Products */,
			);
			sourceTree = "<group>";
		};
		FE16F2A11D70D82500B1358D /* Products */ = {
			isa = PBXGroup;
			children = (
				FE16F2A01D70D82500B1358D /* Shandy.app */,
			);
			name = Products;
			sourceTree = "<group>";
		};
		FE16F2A21D70D82500B1358D /* Shandy */ = {
			isa = PBXGroup;
			children = (
				FE16F2A31D70D82500B1358D /* AppDelegate.swift */,
				FE16F2A51D70D82500B1358D /* MainVC.swift */,
				FE16F2A71D70D82500B1358D /* Main.storyboard */,
				FE16F2AA1D70D82500B1358D /* Assets.xcassets */,
				FE16F2AC1D70D82500B1358D /* LaunchScreen.storyboard */,
				FE16F2AF1D70D82500B1358D /* Info.plist */,
			);
			path = Shandy;
			sourceTree = "<group>";
		};
/* End PBXGroup section */

/* Begin PBXNativeTarget section */
		FE16F29F1D70D82500B1358D /* Shandy */ = {
			isa = PBXNativeTarget;
			buildConfigurationList = FE16F2B21D70D82500B1358D /* Build configuration list for PBXNativeTarget "Shandy" */;
			buildPhases = (
				FE16F29C1D70D82500B1358D /* Sources */,
				FE16F29D1D70D82500B1358D /* Frameworks */,
				FE16F29E1D70D82500B1358D /* Resources */,
			);
			buildRules = (
			);
			dependencies = (
			);
			name = Shandy;
			productName = Shandy;
			productReference = FE16F2A01D70D82500B1358D /* Shandy.app */;
			productType = "com.apple.product-type.application";
		};
/* End PBXNativeTarget section */

/* Begin PBXProject section */
		FE16F2981D70D82500B1358D /* Project object */ = {
			isa = PBXProject;
			attributes = {
				LastSwiftUpdateCheck = 0800;
				LastUpgradeCheck = 0800;
				ORGANIZATIONNAME = Vitaliy;
				TargetAttributes = {
					FE16F29F1D70D82500B1358D = {
						CreatedOnToolsVersion = 8.0;
						ProvisioningStyle = Automatic;
					};
				};
			};
			buildConfigurationList = FE16F29B1D70D82500B1358D /* Build configuration list for PBXProject "Shandy" */;
			compatibilityVersion = "Xcode 3.2";
			developmentRegion = English;
			hasScannedForEncodings = 0;
			knownRegions = (
				en,
				Base,
			);
			mainGroup = FE16F2971D70D82500B1358D;
			productRefGroup = FE16F2A11D70D82500B1358D /* Products */;
			projectDirPath = "";
			projectRoot = "";
			targets = (
				FE16F29F1D70D82500B1358D /* Shandy */,
			);
		};
/* End PBXProject section */

/* Begin PBXResourcesBuildPhase section */
		FE16F29E1D70D82500B1358D /* Resources */ = {
			isa = PBXResourcesBuildPhase;
			buildActionMask = 2147483647;
			files = (
				FE16F2AE1D70D82500B1358D /* LaunchScreen.storyboard in Resources */,
				FE16F2AB1D70D82500B1358D /* Assets.xcassets in Resources */,
				FE16F2A91D70D82500B1358D /* Main.storyboard in Resources */,
			);
			runOnlyForDeploymentPostprocessing = 0;
		};
/* End PBXResourcesBuildPhase section */

/* Begin PBXSourcesBuildPhase section */
		FE16F29C1D70D82500B1358D /* Sources */ = {
			isa = PBXSourcesBuildPhase;
			buildActionMask = 2147483647;
			files = (
				FE16F2A61D70D82500B1358D /* MainVC.swift in Sources */,
				FE16F2A41D70D82500B1358D /* AppDelegate.swift in Sources */,
			);
			runOnlyForDeploymentPostprocessing = 0;
		};
/* End PBXSourcesBuildPhase section */

/* Begin PBXVariantGroup section */
		FE16F2A71D70D82500B1358D /* Main.storyboard */ = {
			isa = PBXVariantGroup;
			children = (
				FE16F2A81D70D82500B1358D /* Base */,
			);
			name = Main.storyboard;
			sourceTree = "<group>";
		};
		FE16F2AC1D70D82500B1358D /* LaunchScreen.storyboard */ = {
			isa = PBXVariantGroup;
			children = (
				FE16F2AD1D70D82500B1358D /* Base */,
			);
			name = LaunchScreen.storyboard;
			sourceTree = "<group>";
		};
/* End PBXVariantGroup section */

/* Begin XCBuildConfiguration section */
		FE16F2B01D70D82500B1358D /* Debug */ = {
			isa = XCBuildConfiguration;
			buildSettings = {
				ALWAYS_SEARCH_USER_PATHS = NO;
				CLANG_ANALYZER_NONNULL = YES;
				CLANG_CXX_LANGUAGE_STANDARD = "gnu++0x";
				CLANG_CXX_LIBRARY = "libc++";
				CLANG_ENABLE_MODULES = YES;
				CLANG_ENABLE_OBJC_ARC = YES;
				CLANG_WARN_BOOL_CONVERSION = YES;
				CLANG_WARN_CONSTANT_CONVERSION = YES;
				CLANG_WARN_DIRECT_OBJC_ISA_USAGE = YES_ERROR;
				CLANG_WARN_DOCUMENTATION_COMMENTS = YES;
				CLANG_WARN_EMPTY_BODY = YES;
				CLANG_WARN_ENUM_CONVERSION = YES;
				CLANG_WARN_INFINITE_RECURSION = YES;
				CLANG_WARN_INT_CONVERSION = YES;
				CLANG_WARN_OBJC_ROOT_CLASS = YES_ERROR;
				CLANG_WARN_SUSPICIOUS_MOVES = YES;
				CLANG_WARN_UNREACHABLE_CODE = YES;
				CLANG_WARN__DUPLICATE_METHOD_MATCH = YES;
				"CODE_SIGN_IDENTITY[sdk=iphoneos*]" = "iPhone Developer";
				COPY_PHASE_STRIP = NO;
				DEBUG_INFORMATION_FORMAT = dwarf;
				ENABLE_STRICT_OBJC_MSGSEND = YES;
				ENABLE_TESTABILITY = YES;
				GCC_C_LANGUAGE_STANDARD = gnu99;
				GCC_DYNAMIC_NO_PIC = NO;
				GCC_NO_COMMON_BLOCKS = YES;
				GCC_OPTIMIZATION_LEVEL = 0;
				GCC_PREPROCESSOR_DEFINITIONS = (
					"DEBUG=1",
					"$(inherited)",
				);
				GCC_WARN_64_TO_32_BIT_CONVERSION = YES;
				GCC_WARN_ABOUT_RETURN_TYPE = YES_ERROR;
				GCC_WARN_UNDECLARED_SELECTOR = YES;
				GCC_WARN_UNINITIALIZED_AUTOS = YES_AGGRESSIVE;
				GCC_WARN_UNUSED_FUNCTION = YES;
				GCC_WARN_UNUSED_VARIABLE = YES;
				IPHONEOS_DEPLOYMENT_TARGET = 10.0;
				MTL_ENABLE_DEBUG_INFO = YES;
				ONLY_ACTIVE_ARCH = YES;
				SDKROOT = iphoneos;
				SWIFT_ACTIVE_COMPILATION_CONDITIONS = DEBUG;
				SWIFT_OPTIMIZATION_LEVEL = "-Onone";
				TARGETED_DEVICE_FAMILY = "1,2";
			};
			name = Debug;
		};
		FE16F2B11D70D82500B1358D /* Release */ = {
			isa = XCBuildConfiguration;
			buildSettings = {
				ALWAYS_SEARCH_USER_PATHS = NO;
				CLANG_ANALYZER_NONNULL = YES;
				CLANG_CXX_LANGUAGE_STANDARD = "gnu++0x";
				CLANG_CXX_LIBRARY = "libc++";
				CLANG_ENABLE_MODULES = YES;
				CLANG_ENABLE_OBJC_ARC = YES;
				CLANG_WARN_BOOL_CONVERSION = YES;
				CLANG_WARN_CONSTANT_CONVERSION = YES;
				CLANG_WARN_DIRECT_OBJC_ISA_USAGE = YES_ERROR;
				CLANG_WARN_DOCUMENTATION_COMMENTS = YES;
				CLANG_WARN_EMPTY_BODY = YES;
				CLANG_WARN_ENUM_CONVERSION = YES;
				CLANG_WARN_INFINITE_RECURSION = YES;
				CLANG_WARN_INT_CONVERSION = YES;
				CLANG_WARN_OBJC_ROOT_CLASS = YES_ERROR;
				CLANG_WARN_SUSPICIOUS_MOVES = YES;
				CLANG_WARN_UNREACHABLE_CODE = YES;
				CLANG_WARN__DUPLICATE_METHOD_MATCH = YES;
				"CODE_SIGN_IDENTITY[sdk=iphoneos*]" = "iPhone Developer";
				COPY_PHASE_STRIP = NO;
				DEBUG_INFORMATION_FORMAT = "dwarf-with-dsym";
				ENABLE_NS_ASSERTIONS = NO;
				ENABLE_STRICT_OBJC_MSGSEND = YES;
				GCC_C_LANGUAGE_STANDARD = gnu99;
				GCC_NO_COMMON_BLOCKS = YES;
				GCC_WARN_64_TO_32_BIT_CONVERSION = YES;
				GCC_WARN_ABOUT_RETURN_TYPE = YES_ERROR;
				GCC_WARN_UNDECLARED_SELECTOR = YES;
				GCC_WARN_UNINITIALIZED_AUTOS = YES_AGGRESSIVE;
				GCC_WARN_UNUSED_FUNCTION = YES;
				GCC_WARN_UNUSED_VARIABLE = YES;
				IPHONEOS_DEPLOYMENT_TARGET = 10.0;
				MTL_ENABLE_DEBUG_INFO = NO;
				SDKROOT = iphoneos;
				SWIFT_OPTIMIZATION_LEVEL = "-Owholemodule";
				TARGETED_DEVICE_FAMILY = "1,2";
				VALIDATE_PRODUCT = YES;
			};
			name = Release;
		};
		FE16F2B31D70D82500B1358D /* Debug */ = {
			isa = XCBuildConfiguration;
			buildSettings = {
				ASSETCATALOG_COMPILER_APPICON_NAME = AppIcon;
				INFOPLIST_FILE = Shandy/Info.plist;
				LD_RUNPATH_SEARCH_PATHS = "$(inherited) @executable_path/Frameworks";
				PRODUCT_BUNDLE_IDENTIFIER = "-.Shandy";
				PRODUCT_NAME = "$(TARGET_NAME)";
				SWIFT_VERSION = 3.0;
			};
			name = Debug;
		};
		FE16F2B41D70D82500B1358D /* Release */ = {
			isa = XCBuildConfiguration;
			buildSettings = {
				ASSETCATALOG_COMPILER_APPICON_NAME = AppIcon;
				INFOPLIST_FILE = Shandy/Info.plist;
				LD_RUNPATH_SEARCH_PATHS = "$(inherited) @executable_path/Frameworks";
				PRODUCT_BUNDLE_IDENTIFIER = "-.Shandy";
				PRODUCT_NAME = "$(TARGET_NAME)";
				SWIFT_VERSION = 3.0;
			};
			name = Release;
		};
/* End XCBuildConfiguration section */

/* Begin XCConfigurationList section */
		FE16F29B1D70D82500B1358D /* Build configuration list for PBXProject "Shandy" */ = {
			isa = XCConfigurationList;
			buildConfigurations = (
				FE16F2B01D70D82500B1358D /* Debug */,
				FE16F2B11D70D82500B1358D /* Release */,
			);
			defaultConfigurationIsVisible = 0;
			defaultConfigurationName = Release;
		};
		FE16F2B21D70D82500B1358D /* Build configuration list for PBXNativeTarget "Shandy" */ = {
			isa = XCConfigurationList;
			buildConfigurations = (
				FE16F2B31D70D82500B1358D /* Debug */,
				FE16F2B41D70D82500B1358D /* Release */,
			);
			defaultConfigurationIsVisible = 0;
			defaultConfigurationName = Release;
		};
/* End XCConfigurationList section */
	};
	rootObject = FE16F2981D70D82500B1358D /* Project object */;
}
