// !$*UTF8*$!
{
	archiveVersion = 1;
	classes = {
	};
	objectVersion = 46;
	objects = {

/* Begin PBXBuildFile section */
		43B2C2E535570D5CFDC5B56D /* Pods_Shandy.framework in Frameworks */ = {isa = PBXBuildFile; fileRef = 77AADC8EBB6D2DCB520F6739 /* Pods_Shandy.framework */; };
		FE16F2A41D70D82500B1358D /* AppDelegate.swift in Sources */ = {isa = PBXBuildFile; fileRef = FE16F2A31D70D82500B1358D /* AppDelegate.swift */; };
		FE16F2A61D70D82500B1358D /* CategoriesViewController.swift in Sources */ = {isa = PBXBuildFile; fileRef = FE16F2A51D70D82500B1358D /* CategoriesViewController.swift */; };
		FE16F2AB1D70D82500B1358D /* Assets.xcassets in Resources */ = {isa = PBXBuildFile; fileRef = FE16F2AA1D70D82500B1358D /* Assets.xcassets */; };
		FE16F2AE1D70D82500B1358D /* LaunchScreen.storyboard in Resources */ = {isa = PBXBuildFile; fileRef = FE16F2AC1D70D82500B1358D /* LaunchScreen.storyboard */; };
		FE16F2DB1D71E75500B1358D /* CategoryCell.swift in Sources */ = {isa = PBXBuildFile; fileRef = FE16F2DA1D71E75500B1358D /* CategoryCell.swift */; };
		FE16F2DD1D71E92400B1358D /* Category.swift in Sources */ = {isa = PBXBuildFile; fileRef = FE16F2DC1D71E92400B1358D /* Category.swift */; };
		FE2894421D93638300067738 /* NoteworthyLight.ttf in Resources */ = {isa = PBXBuildFile; fileRef = FE2894411D93638300067738 /* NoteworthyLight.ttf */; };
		FE2894461D93712800067738 /* RoundedView.swift in Sources */ = {isa = PBXBuildFile; fileRef = FE2894451D93712800067738 /* RoundedView.swift */; };
		FE3444E31D87971700A26CD6 /* MainViewController.swift in Sources */ = {isa = PBXBuildFile; fileRef = FE3444E21D87971700A26CD6 /* MainViewController.swift */; };
		FE4E8C231D7592EE0013E347 /* CategoryViewController.swift in Sources */ = {isa = PBXBuildFile; fileRef = FE4E8C221D7592EE0013E347 /* CategoryViewController.swift */; };
		FE51A2341D797F9400EE855D /* Podfile in Resources */ = {isa = PBXBuildFile; fileRef = FE51A2331D797F9400EE855D /* Podfile */; };
		FE51A2361D7A4CA900EE855D /* Contants.swift in Sources */ = {isa = PBXBuildFile; fileRef = FE51A2351D7A4CA900EE855D /* Contants.swift */; };
		FEDE3D9A1D998DE00055B991 /* Main.storyboard in Resources */ = {isa = PBXBuildFile; fileRef = FEDE3D991D998DE00055B991 /* Main.storyboard */; };
		FEDE3D9C1D99B7180055B991 /* RecipeCell.swift in Sources */ = {isa = PBXBuildFile; fileRef = FEDE3D9B1D99B7180055B991 /* RecipeCell.swift */; };
		FEDE3D9E1D99B9120055B991 /* Recipe.swift in Sources */ = {isa = PBXBuildFile; fileRef = FEDE3D9D1D99B9120055B991 /* Recipe.swift */; };
		FEF59B001D9866AB00EBA73E /* RecipesViewController.swift in Sources */ = {isa = PBXBuildFile; fileRef = FEF59AFF1D9866AB00EBA73E /* RecipesViewController.swift */; };
/* End PBXBuildFile section */

/* Begin PBXFileReference section */
		6DF8F2D9DD8BDF70B981365A /* Pods-Shandy.release.xcconfig */ = {isa = PBXFileReference; includeInIndex = 1; lastKnownFileType = text.xcconfig; name = "Pods-Shandy.release.xcconfig"; path = "Pods/Target Support Files/Pods-Shandy/Pods-Shandy.release.xcconfig"; sourceTree = "<group>"; };
		77AADC8EBB6D2DCB520F6739 /* Pods_Shandy.framework */ = {isa = PBXFileReference; explicitFileType = wrapper.framework; includeInIndex = 0; path = Pods_Shandy.framework; sourceTree = BUILT_PRODUCTS_DIR; };
		906513487E8BF7DA5C5F5DA1 /* Pods-Shandy.debug.xcconfig */ = {isa = PBXFileReference; includeInIndex = 1; lastKnownFileType = text.xcconfig; name = "Pods-Shandy.debug.xcconfig"; path = "Pods/Target Support Files/Pods-Shandy/Pods-Shandy.debug.xcconfig"; sourceTree = "<group>"; };
		FE16F2A01D70D82500B1358D /* Shandy.app */ = {isa = PBXFileReference; explicitFileType = wrapper.application; includeInIndex = 0; path = Shandy.app; sourceTree = BUILT_PRODUCTS_DIR; };
		FE16F2A31D70D82500B1358D /* AppDelegate.swift */ = {isa = PBXFileReference; lastKnownFileType = sourcecode.swift; path = AppDelegate.swift; sourceTree = "<group>"; };
		FE16F2A51D70D82500B1358D /* CategoriesViewController.swift */ = {isa = PBXFileReference; lastKnownFileType = sourcecode.swift; path = CategoriesViewController.swift; sourceTree = "<group>"; };
		FE16F2AA1D70D82500B1358D /* Assets.xcassets */ = {isa = PBXFileReference; lastKnownFileType = folder.assetcatalog; path = Assets.xcassets; sourceTree = "<group>"; };
		FE16F2AD1D70D82500B1358D /* Base */ = {isa = PBXFileReference; lastKnownFileType = file.storyboard; name = Base; path = Base.lproj/LaunchScreen.storyboard; sourceTree = "<group>"; };
		FE16F2AF1D70D82500B1358D /* Info.plist */ = {isa = PBXFileReference; lastKnownFileType = text.plist.xml; path = Info.plist; sourceTree = "<group>"; };
		FE16F2DA1D71E75500B1358D /* CategoryCell.swift */ = {isa = PBXFileReference; fileEncoding = 4; lastKnownFileType = sourcecode.swift; path = CategoryCell.swift; sourceTree = "<group>"; };
		FE16F2DC1D71E92400B1358D /* Category.swift */ = {isa = PBXFileReference; fileEncoding = 4; lastKnownFileType = sourcecode.swift; path = Category.swift; sourceTree = "<group>"; };
		FE2894411D93638300067738 /* NoteworthyLight.ttf */ = {isa = PBXFileReference; lastKnownFileType = file; path = NoteworthyLight.ttf; sourceTree = "<group>"; };
		FE2894451D93712800067738 /* RoundedView.swift */ = {isa = PBXFileReference; fileEncoding = 4; lastKnownFileType = sourcecode.swift; path = RoundedView.swift; sourceTree = "<group>"; };
		FE3444E21D87971700A26CD6 /* MainViewController.swift */ = {isa = PBXFileReference; fileEncoding = 4; lastKnownFileType = sourcecode.swift; path = MainViewController.swift; sourceTree = "<group>"; };
		FE4E8C221D7592EE0013E347 /* CategoryViewController.swift */ = {isa = PBXFileReference; fileEncoding = 4; lastKnownFileType = sourcecode.swift; path = CategoryViewController.swift; sourceTree = "<group>"; };
		FE51A2331D797F9400EE855D /* Podfile */ = {isa = PBXFileReference; fileEncoding = 4; lastKnownFileType = text; path = Podfile; sourceTree = "<group>"; xcLanguageSpecificationIdentifier = xcode.lang.ruby; };
		FE51A2351D7A4CA900EE855D /* Contants.swift */ = {isa = PBXFileReference; fileEncoding = 4; lastKnownFileType = sourcecode.swift; path = Contants.swift; sourceTree = "<group>"; };
		FEDE3D991D998DE00055B991 /* Main.storyboard */ = {isa = PBXFileReference; fileEncoding = 4; lastKnownFileType = file.storyboard; path = Main.storyboard; sourceTree = "<group>"; };
		FEDE3D9B1D99B7180055B991 /* RecipeCell.swift */ = {isa = PBXFileReference; fileEncoding = 4; lastKnownFileType = sourcecode.swift; path = RecipeCell.swift; sourceTree = "<group>"; };
		FEDE3D9D1D99B9120055B991 /* Recipe.swift */ = {isa = PBXFileReference; fileEncoding = 4; lastKnownFileType = sourcecode.swift; path = Recipe.swift; sourceTree = "<group>"; };
		FEF59AFF1D9866AB00EBA73E /* RecipesViewController.swift */ = {isa = PBXFileReference; fileEncoding = 4; lastKnownFileType = sourcecode.swift; path = RecipesViewController.swift; sourceTree = "<group>"; };
/* End PBXFileReference section */

/* Begin PBXFrameworksBuildPhase section */
		FE16F29D1D70D82500B1358D /* Frameworks */ = {
			isa = PBXFrameworksBuildPhase;
			buildActionMask = 2147483647;
			files = (
				43B2C2E535570D5CFDC5B56D /* Pods_Shandy.framework in Frameworks */,
			);
			runOnlyForDeploymentPostprocessing = 0;
		};
/* End PBXFrameworksBuildPhase section */

/* Begin PBXGroup section */
		67F91BA7332453445DB2EE74 /* Pods */ = {
			isa = PBXGroup;
			children = (
				906513487E8BF7DA5C5F5DA1 /* Pods-Shandy.debug.xcconfig */,
				6DF8F2D9DD8BDF70B981365A /* Pods-Shandy.release.xcconfig */,
			);
			name = Pods;
			sourceTree = "<group>";
		};
		FCF9AC6C6D42142A3085C483 /* Frameworks */ = {
			isa = PBXGroup;
			children = (
				77AADC8EBB6D2DCB520F6739 /* Pods_Shandy.framework */,
			);
			name = Frameworks;
			sourceTree = "<group>";
		};
		FE16F2971D70D82500B1358D = {
			isa = PBXGroup;
			children = (
				FE51A2331D797F9400EE855D /* Podfile */,
				FE16F2A21D70D82500B1358D /* Shandy */,
				FE16F2A11D70D82500B1358D /* Products */,
				67F91BA7332453445DB2EE74 /* Pods */,
				FCF9AC6C6D42142A3085C483 /* Frameworks */,
			);
			sourceTree = "<group>";
		};
		FE16F2A11D70D82500B1358D /* Products */ = {
			isa = PBXGroup;
			children = (
				FE16F2A01D70D82500B1358D /* Shandy.app */,
			);
			name = Products;
			sourceTree = "<group>";
		};
		FE16F2A21D70D82500B1358D /* Shandy */ = {
			isa = PBXGroup;
			children = (
				FE3444E11D8796DB00A26CD6 /* Files */,
				FE16F2D71D71E0BD00B1358D /* View */,
				FE16F2D61D71E0B800B1358D /* Model */,
				FE16F2D51D71E0A900B1358D /* Controller */,
				FE16F2A31D70D82500B1358D /* AppDelegate.swift */,
				FE16F2AA1D70D82500B1358D /* Assets.xcassets */,
				FE16F2AC1D70D82500B1358D /* LaunchScreen.storyboard */,
				FE16F2AF1D70D82500B1358D /* Info.plist */,
				FE51A2351D7A4CA900EE855D /* Contants.swift */,
				FEDE3D991D998DE00055B991 /* Main.storyboard */,
			);
			path = Shandy;
			sourceTree = "<group>";
		};
		FE16F2D51D71E0A900B1358D /* Controller */ = {
			isa = PBXGroup;
			children = (
				FE16F2A51D70D82500B1358D /* CategoriesViewController.swift */,
				FE4E8C221D7592EE0013E347 /* CategoryViewController.swift */,
				FE3444E21D87971700A26CD6 /* MainViewController.swift */,
				FEF59AFF1D9866AB00EBA73E /* RecipesViewController.swift */,
			);
			name = Controller;
			sourceTree = "<group>";
		};
		FE16F2D61D71E0B800B1358D /* Model */ = {
			isa = PBXGroup;
			children = (
				FE16F2DC1D71E92400B1358D /* Category.swift */,
				FEDE3D9D1D99B9120055B991 /* Recipe.swift */,
			);
			name = Model;
			sourceTree = "<group>";
		};
		FE16F2D71D71E0BD00B1358D /* View */ = {
			isa = PBXGroup;
			children = (
				FE16F2DA1D71E75500B1358D /* CategoryCell.swift */,
				FE2894451D93712800067738 /* RoundedView.swift */,
				FEDE3D9B1D99B7180055B991 /* RecipeCell.swift */,
			);
			name = View;
			sourceTree = "<group>";
		};
		FE3444E11D8796DB00A26CD6 /* Files */ = {
			isa = PBXGroup;
			children = (
				FE2894411D93638300067738 /* NoteworthyLight.ttf */,
			);
			name = Files;
			sourceTree = "<group>";
		};
/* End PBXGroup section */

/* Begin PBXNativeTarget section */
		FE16F29F1D70D82500B1358D /* Shandy */ = {
			isa = PBXNativeTarget;
			buildConfigurationList = FE16F2B21D70D82500B1358D /* Build configuration list for PBXNativeTarget "Shandy" */;
			buildPhases = (
				CB528203247CA7331ECEF2D5 /* [CP] Check Pods Manifest.lock */,
				FE16F29C1D70D82500B1358D /* Sources */,
				FE16F29D1D70D82500B1358D /* Frameworks */,
				FE16F29E1D70D82500B1358D /* Resources */,
				28D1DE997DFFACF74A30120C /* [CP] Embed Pods Frameworks */,
				38D80D166A4EB5A4C86DE7C2 /* [CP] Copy Pods Resources */,
			);
			buildRules = (
			);
			dependencies = (
			);
			name = Shandy;
			productName = Shandy;
			productReference = FE16F2A01D70D82500B1358D /* Shandy.app */;
			productType = "com.apple.product-type.application";
		};
/* End PBXNativeTarget section */

/* Begin PBXProject section */
		FE16F2981D70D82500B1358D /* Project object */ = {
			isa = PBXProject;
			attributes = {
				LastSwiftUpdateCheck = 0800;
				LastUpgradeCheck = 0800;
				ORGANIZATIONNAME = Vitaliy;
				TargetAttributes = {
					FE16F29F1D70D82500B1358D = {
						CreatedOnToolsVersion = 8.0;
						DevelopmentTeam = KDRP875ULK;
						ProvisioningStyle = Automatic;
					};
				};
			};
			buildConfigurationList = FE16F29B1D70D82500B1358D /* Build configuration list for PBXProject "Shandy" */;
			compatibilityVersion = "Xcode 3.2";
			developmentRegion = English;
			hasScannedForEncodings = 0;
			knownRegions = (
				en,
				Base,
			);
			mainGroup = FE16F2971D70D82500B1358D;
			productRefGroup = FE16F2A11D70D82500B1358D /* Products */;
			projectDirPath = "";
			projectRoot = "";
			targets = (
				FE16F29F1D70D82500B1358D /* Shandy */,
			);
		};
/* End PBXProject section */

/* Begin PBXResourcesBuildPhase section */
		FE16F29E1D70D82500B1358D /* Resources */ = {
			isa = PBXResourcesBuildPhase;
			buildActionMask = 2147483647;
			files = (
				FE2894421D93638300067738 /* NoteworthyLight.ttf in Resources */,
				FEDE3D9A1D998DE00055B991 /* Main.storyboard in Resources */,
				FE16F2AE1D70D82500B1358D /* LaunchScreen.storyboard in Resources */,
				FE16F2AB1D70D82500B1358D /* Assets.xcassets in Resources */,
				FE51A2341D797F9400EE855D /* Podfile in Resources */,
			);
			runOnlyForDeploymentPostprocessing = 0;
		};
/* End PBXResourcesBuildPhase section */

/* Begin PBXShellScriptBuildPhase section */
		28D1DE997DFFACF74A30120C /* [CP] Embed Pods Frameworks */ = {
			isa = PBXShellScriptBuildPhase;
			buildActionMask = 2147483647;
			files = (
			);
			inputPaths = (
			);
			name = "[CP] Embed Pods Frameworks";
			outputPaths = (
			);
			runOnlyForDeploymentPostprocessing = 0;
			shellPath = /bin/sh;
			shellScript = "\"${SRCROOT}/Pods/Target Support Files/Pods-Shandy/Pods-Shandy-frameworks.sh\"\n";
			showEnvVarsInLog = 0;
		};
		38D80D166A4EB5A4C86DE7C2 /* [CP] Copy Pods Resources */ = {
			isa = PBXShellScriptBuildPhase;
			buildActionMask = 2147483647;
			files = (
			);
			inputPaths = (
			);
			name = "[CP] Copy Pods Resources";
			outputPaths = (
			);
			runOnlyForDeploymentPostprocessing = 0;
			shellPath = /bin/sh;
			shellScript = "\"${SRCROOT}/Pods/Target Support Files/Pods-Shandy/Pods-Shandy-resources.sh\"\n";
			showEnvVarsInLog = 0;
		};
		CB528203247CA7331ECEF2D5 /* [CP] Check Pods Manifest.lock */ = {
			isa = PBXShellScriptBuildPhase;
			buildActionMask = 2147483647;
			files = (
			);
			inputPaths = (
			);
			name = "[CP] Check Pods Manifest.lock";
			outputPaths = (
			);
			runOnlyForDeploymentPostprocessing = 0;
			shellPath = /bin/sh;
			shellScript = "diff \"${PODS_ROOT}/../Podfile.lock\" \"${PODS_ROOT}/Manifest.lock\" > /dev/null\nif [[ $? != 0 ]] ; then\n    cat << EOM\nerror: The sandbox is not in sync with the Podfile.lock. Run 'pod install' or update your CocoaPods installation.\nEOM\n    exit 1\nfi\n";
			showEnvVarsInLog = 0;
		};
/* End PBXShellScriptBuildPhase section */

/* Begin PBXSourcesBuildPhase section */
		FE16F29C1D70D82500B1358D /* Sources */ = {
			isa = PBXSourcesBuildPhase;
			buildActionMask = 2147483647;
			files = (
				FE4E8C231D7592EE0013E347 /* CategoryViewController.swift in Sources */,
				FE16F2A61D70D82500B1358D /* CategoriesViewController.swift in Sources */,
				FE2894461D93712800067738 /* RoundedView.swift in Sources */,
				FE16F2DD1D71E92400B1358D /* Category.swift in Sources */,
				FE16F2A41D70D82500B1358D /* AppDelegate.swift in Sources */,
				FEDE3D9C1D99B7180055B991 /* RecipeCell.swift in Sources */,
				FE16F2DB1D71E75500B1358D /* CategoryCell.swift in Sources */,
				FE51A2361D7A4CA900EE855D /* Contants.swift in Sources */,
				FEF59B001D9866AB00EBA73E /* RecipesViewController.swift in Sources */,
				FE3444E31D87971700A26CD6 /* MainViewController.swift in Sources */,
				FEDE3D9E1D99B9120055B991 /* Recipe.swift in Sources */,
			);
			runOnlyForDeploymentPostprocessing = 0;
		};
/* End PBXSourcesBuildPhase section */

/* Begin PBXVariantGroup section */
		FE16F2AC1D70D82500B1358D /* LaunchScreen.storyboard */ = {
			isa = PBXVariantGroup;
			children = (
				FE16F2AD1D70D82500B1358D /* Base */,
			);
			name = LaunchScreen.storyboard;
			sourceTree = "<group>";
		};
/* End PBXVariantGroup section */

/* Begin XCBuildConfiguration section */
		FE16F2B01D70D82500B1358D /* Debug */ = {
			isa = XCBuildConfiguration;
			buildSettings = {
				ALWAYS_SEARCH_USER_PATHS = NO;
				CLANG_ANALYZER_NONNULL = YES;
				CLANG_CXX_LANGUAGE_STANDARD = "gnu++0x";
				CLANG_CXX_LIBRARY = "libc++";
				CLANG_ENABLE_MODULES = YES;
				CLANG_ENABLE_OBJC_ARC = YES;
				CLANG_WARN_BOOL_CONVERSION = YES;
				CLANG_WARN_CONSTANT_CONVERSION = YES;
				CLANG_WARN_DIRECT_OBJC_ISA_USAGE = YES_ERROR;
				CLANG_WARN_DOCUMENTATION_COMMENTS = YES;
				CLANG_WARN_EMPTY_BODY = YES;
				CLANG_WARN_ENUM_CONVERSION = YES;
				CLANG_WARN_INFINITE_RECURSION = YES;
				CLANG_WARN_INT_CONVERSION = YES;
				CLANG_WARN_OBJC_ROOT_CLASS = YES_ERROR;
				CLANG_WARN_SUSPICIOUS_MOVES = YES;
				CLANG_WARN_UNREACHABLE_CODE = YES;
				CLANG_WARN__DUPLICATE_METHOD_MATCH = YES;
				"CODE_SIGN_IDENTITY[sdk=iphoneos*]" = "iPhone Developer";
				COPY_PHASE_STRIP = NO;
				DEBUG_INFORMATION_FORMAT = dwarf;
				ENABLE_STRICT_OBJC_MSGSEND = YES;
				ENABLE_TESTABILITY = YES;
				GCC_C_LANGUAGE_STANDARD = gnu99;
				GCC_DYNAMIC_NO_PIC = NO;
				GCC_NO_COMMON_BLOCKS = YES;
				GCC_OPTIMIZATION_LEVEL = 0;
				GCC_PREPROCESSOR_DEFINITIONS = (
					"DEBUG=1",
					"$(inherited)",
				);
				GCC_WARN_64_TO_32_BIT_CONVERSION = YES;
				GCC_WARN_ABOUT_RETURN_TYPE = YES_ERROR;
				GCC_WARN_UNDECLARED_SELECTOR = YES;
				GCC_WARN_UNINITIALIZED_AUTOS = YES_AGGRESSIVE;
				GCC_WARN_UNUSED_FUNCTION = YES;
				GCC_WARN_UNUSED_VARIABLE = YES;
				IPHONEOS_DEPLOYMENT_TARGET = 10.0;
				MTL_ENABLE_DEBUG_INFO = YES;
				ONLY_ACTIVE_ARCH = YES;
				SDKROOT = iphoneos;
				SWIFT_ACTIVE_COMPILATION_CONDITIONS = DEBUG;
				SWIFT_OPTIMIZATION_LEVEL = "-Onone";
				TARGETED_DEVICE_FAMILY = "1,2";
			};
			name = Debug;
		};
		FE16F2B11D70D82500B1358D /* Release */ = {
			isa = XCBuildConfiguration;
			buildSettings = {
				ALWAYS_SEARCH_USER_PATHS = NO;
				CLANG_ANALYZER_NONNULL = YES;
				CLANG_CXX_LANGUAGE_STANDARD = "gnu++0x";
				CLANG_CXX_LIBRARY = "libc++";
				CLANG_ENABLE_MODULES = YES;
				CLANG_ENABLE_OBJC_ARC = YES;
				CLANG_WARN_BOOL_CONVERSION = YES;
				CLANG_WARN_CONSTANT_CONVERSION = YES;
				CLANG_WARN_DIRECT_OBJC_ISA_USAGE = YES_ERROR;
				CLANG_WARN_DOCUMENTATION_COMMENTS = YES;
				CLANG_WARN_EMPTY_BODY = YES;
				CLANG_WARN_ENUM_CONVERSION = YES;
				CLANG_WARN_INFINITE_RECURSION = YES;
				CLANG_WARN_INT_CONVERSION = YES;
				CLANG_WARN_OBJC_ROOT_CLASS = YES_ERROR;
				CLANG_WARN_SUSPICIOUS_MOVES = YES;
				CLANG_WARN_UNREACHABLE_CODE = YES;
				CLANG_WARN__DUPLICATE_METHOD_MATCH = YES;
				"CODE_SIGN_IDENTITY[sdk=iphoneos*]" = "iPhone Developer";
				COPY_PHASE_STRIP = NO;
				DEBUG_INFORMATION_FORMAT = "dwarf-with-dsym";
				ENABLE_NS_ASSERTIONS = NO;
				ENABLE_STRICT_OBJC_MSGSEND = YES;
				GCC_C_LANGUAGE_STANDARD = gnu99;
				GCC_NO_COMMON_BLOCKS = YES;
				GCC_WARN_64_TO_32_BIT_CONVERSION = YES;
				GCC_WARN_ABOUT_RETURN_TYPE = YES_ERROR;
				GCC_WARN_UNDECLARED_SELECTOR = YES;
				GCC_WARN_UNINITIALIZED_AUTOS = YES_AGGRESSIVE;
				GCC_WARN_UNUSED_FUNCTION = YES;
				GCC_WARN_UNUSED_VARIABLE = YES;
				IPHONEOS_DEPLOYMENT_TARGET = 10.0;
				MTL_ENABLE_DEBUG_INFO = NO;
				SDKROOT = iphoneos;
				SWIFT_OPTIMIZATION_LEVEL = "-Owholemodule";
				TARGETED_DEVICE_FAMILY = "1,2";
				VALIDATE_PRODUCT = YES;
			};
			name = Release;
		};
		FE16F2B31D70D82500B1358D /* Debug */ = {
			isa = XCBuildConfiguration;
			baseConfigurationReference = 906513487E8BF7DA5C5F5DA1 /* Pods-Shandy.debug.xcconfig */;
			buildSettings = {
				ASSETCATALOG_COMPILER_APPICON_NAME = AppIcon;
				"CODE_SIGN_IDENTITY[sdk=iphoneos*]" = "iPhone Developer";
				DEVELOPMENT_TEAM = KDRP875ULK;
				INFOPLIST_FILE = Shandy/Info.plist;
				LD_RUNPATH_SEARCH_PATHS = "$(inherited) @executable_path/Frameworks";
				PRODUCT_BUNDLE_IDENTIFIER = "-.Shandy";
				PRODUCT_NAME = "$(TARGET_NAME)";
				SWIFT_VERSION = 3.0;
			};
			name = Debug;
		};
		FE16F2B41D70D82500B1358D /* Release */ = {
			isa = XCBuildConfiguration;
			baseConfigurationReference = 6DF8F2D9DD8BDF70B981365A /* Pods-Shandy.release.xcconfig */;
			buildSettings = {
				ASSETCATALOG_COMPILER_APPICON_NAME = AppIcon;
				"CODE_SIGN_IDENTITY[sdk=iphoneos*]" = "iPhone Developer";
				DEVELOPMENT_TEAM = KDRP875ULK;
				INFOPLIST_FILE = Shandy/Info.plist;
				LD_RUNPATH_SEARCH_PATHS = "$(inherited) @executable_path/Frameworks";
				PRODUCT_BUNDLE_IDENTIFIER = "-.Shandy";
				PRODUCT_NAME = "$(TARGET_NAME)";
				SWIFT_VERSION = 3.0;
			};
			name = Release;
		};
/* End XCBuildConfiguration section */

/* Begin XCConfigurationList section */
		FE16F29B1D70D82500B1358D /* Build configuration list for PBXProject "Shandy" */ = {
			isa = XCConfigurationList;
			buildConfigurations = (
				FE16F2B01D70D82500B1358D /* Debug */,
				FE16F2B11D70D82500B1358D /* Release */,
			);
			defaultConfigurationIsVisible = 0;
			defaultConfigurationName = Release;
		};
		FE16F2B21D70D82500B1358D /* Build configuration list for PBXNativeTarget "Shandy" */ = {
			isa = XCConfigurationList;
			buildConfigurations = (
				FE16F2B31D70D82500B1358D /* Debug */,
				FE16F2B41D70D82500B1358D /* Release */,
			);
			defaultConfigurationIsVisible = 0;
			defaultConfigurationName = Release;
		};
/* End XCConfigurationList section */
	};
	rootObject = FE16F2981D70D82500B1358D /* Project object */;
}
